
Microsoft Visual Studio Solution File, Format Version 12.00
# Visual Studio Version 16
VisualStudioVersion = 16.0.31205.134
MinimumVisualStudioVersion = 10.0.40219.1
Project("{FAE04EC0-301F-11D3-BF4B-00C04F79EFBC}") = "MobileAppXamarin.Android", "MobileAppXamarin.Android\MobileAppXamarin.Android.csproj", "{C6AF3A74-F2B3-4E6C-B828-36A333D67A3A}"
EndProject
Project("{FAE04EC0-301F-11D3-BF4B-00C04F79EFBC}") = "MobileAppXamarin.iOS", "MobileAppXamarin.iOS\MobileAppXamarin.iOS.csproj", "{1D4667D0-13D1-4662-9D46-014059C8F37A}"
EndProject
Project("{FAE04EC0-301F-11D3-BF4B-00C04F79EFBC}") = "MobileAppXamarin", "MobileAppXamarin\MobileAppXamarin.csproj", "{7167C70B-4806-496B-9A44-496711E39A14}"
EndProject
Global
	GlobalSection(SolutionConfigurationPlatforms) = preSolution
		Debug|Any CPU = Debug|Any CPU
		Debug|iPhone = Debug|iPhone
		Debug|iPhoneSimulator = Debug|iPhoneSimulator
		Release|Any CPU = Release|Any CPU
		Release|iPhone = Release|iPhone
		Release|iPhoneSimulator = Release|iPhoneSimulator
	EndGlobalSection
	GlobalSection(ProjectConfigurationPlatforms) = postSolution
		{C6AF3A74-F2B3-4E6C-B828-36A333D67A3A}.Debug|Any CPU.ActiveCfg = Debug|Any CPU
		{C6AF3A74-F2B3-4E6C-B828-36A333D67A3A}.Debug|Any CPU.Build.0 = Debug|Any CPU
		{C6AF3A74-F2B3-4E6C-B828-36A333D67A3A}.Debug|Any CPU.Deploy.0 = Debug|Any CPU
		{C6AF3A74-F2B3-4E6C-B828-36A333D67A3A}.Debug|iPhone.ActiveCfg = Debug|Any CPU
		{C6AF3A74-F2B3-4E6C-B828-36A333D67A3A}.Debug|iPhone.Build.0 = Debug|Any CPU
		{C6AF3A74-F2B3-4E6C-B828-36A333D67A3A}.Debug|iPhone.Deploy.0 = Debug|Any CPU
		{C6AF3A74-F2B3-4E6C-B828-36A333D67A3A}.Debug|iPhoneSimulator.ActiveCfg = Debug|Any CPU
		{C6AF3A74-F2B3-4E6C-B828-36A333D67A3A}.Debug|iPhoneSimulator.Build.0 = Debug|Any CPU
		{C6AF3A74-F2B3-4E6C-B828-36A333D67A3A}.Debug|iPhoneSimulator.Deploy.0 = Debug|Any CPU
		{C6AF3A74-F2B3-4E6C-B828-36A333D67A3A}.Release|Any CPU.ActiveCfg = Release|Any CPU
		{C6AF3A74-F2B3-4E6C-B828-36A333D67A3A}.Release|Any CPU.Build.0 = Release|Any CPU
		{C6AF3A74-F2B3-4E6C-B828-36A333D67A3A}.Release|Any CPU.Deploy.0 = Release|Any CPU
		{C6AF3A74-F2B3-4E6C-B828-36A333D67A3A}.Release|iPhone.ActiveCfg = Release|Any CPU
		{C6AF3A74-F2B3-4E6C-B828-36A333D67A3A}.Release|iPhone.Build.0 = Release|Any CPU
		{C6AF3A74-F2B3-4E6C-B828-36A333D67A3A}.Release|iPhone.Deploy.0 = Release|Any CPU
		{C6AF3A74-F2B3-4E6C-B828-36A333D67A3A}.Release|iPhoneSimulator.ActiveCfg = Release|Any CPU
		{C6AF3A74-F2B3-4E6C-B828-36A333D67A3A}.Release|iPhoneSimulator.Build.0 = Release|Any CPU
		{C6AF3A74-F2B3-4E6C-B828-36A333D67A3A}.Release|iPhoneSimulator.Deploy.0 = Release|Any CPU
		{1D4667D0-13D1-4662-9D46-014059C8F37A}.Debug|Any CPU.ActiveCfg = Debug|iPhone
		{1D4667D0-13D1-4662-9D46-014059C8F37A}.Debug|Any CPU.Build.0 = Debug|iPhone
		{1D4667D0-13D1-4662-9D46-014059C8F37A}.Debug|Any CPU.Deploy.0 = Debug|iPhone
		{1D4667D0-13D1-4662-9D46-014059C8F37A}.Debug|iPhone.ActiveCfg = Debug|iPhone
		{1D4667D0-13D1-4662-9D46-014059C8F37A}.Debug|iPhone.Build.0 = Debug|iPhone
		{1D4667D0-13D1-4662-9D46-014059C8F37A}.Debug|iPhone.Deploy.0 = Debug|iPhone
		{1D4667D0-13D1-4662-9D46-014059C8F37A}.Debug|iPhoneSimulator.ActiveCfg = Debug|iPhoneSimulator
		{1D4667D0-13D1-4662-9D46-014059C8F37A}.Debug|iPhoneSimulator.Build.0 = Debug|iPhoneSimulator
		{1D4667D0-13D1-4662-9D46-014059C8F37A}.Debug|iPhoneSimulator.Deploy.0 = Debug|iPhoneSimulator
		{1D4667D0-13D1-4662-9D46-014059C8F37A}.Release|Any CPU.ActiveCfg = Release|iPhoneSimulator
		{1D4667D0-13D1-4662-9D46-014059C8F37A}.Release|Any CPU.Build.0 = Release|iPhoneSimulator
		{1D4667D0-13D1-4662-9D46-014059C8F37A}.Release|Any CPU.Deploy.0 = Release|iPhoneSimulator
		{1D4667D0-13D1-4662-9D46-014059C8F37A}.Release|iPhone.ActiveCfg = Release|iPhone
		{1D4667D0-13D1-4662-9D46-014059C8F37A}.Release|iPhone.Build.0 = Release|iPhone
		{1D4667D0-13D1-4662-9D46-014059C8F37A}.Release|iPhone.Deploy.0 = Release|iPhone
		{1D4667D0-13D1-4662-9D46-014059C8F37A}.Release|iPhoneSimulator.ActiveCfg = Release|iPhoneSimulator
		{1D4667D0-13D1-4662-9D46-014059C8F37A}.Release|iPhoneSimulator.Build.0 = Release|iPhoneSimulator
		{1D4667D0-13D1-4662-9D46-014059C8F37A}.Release|iPhoneSimulator.Deploy.0 = Release|iPhoneSimulator
		{7167C70B-4806-496B-9A44-496711E39A14}.Debug|Any CPU.ActiveCfg = Debug|Any CPU
		{7167C70B-4806-496B-9A44-496711E39A14}.Debug|Any CPU.Build.0 = Debug|Any CPU
		{7167C70B-4806-496B-9A44-496711E39A14}.Debug|Any CPU.Deploy.0 = Debug|Any CPU
		{7167C70B-4806-496B-9A44-496711E39A14}.Debug|iPhone.ActiveCfg = Debug|Any CPU
		{7167C70B-4806-496B-9A44-496711E39A14}.Debug|iPhone.Build.0 = Debug|Any CPU
		{7167C70B-4806-496B-9A44-496711E39A14}.Debug|iPhone.Deploy.0 = Debug|Any CPU
		{7167C70B-4806-496B-9A44-496711E39A14}.Debug|iPhoneSimulator.ActiveCfg = Debug|Any CPU
		{7167C70B-4806-496B-9A44-496711E39A14}.Debug|iPhoneSimulator.Build.0 = Debug|Any CPU
		{7167C70B-4806-496B-9A44-496711E39A14}.Debug|iPhoneSimulator.Deploy.0 = Debug|Any CPU
		{7167C70B-4806-496B-9A44-496711E39A14}.Release|Any CPU.ActiveCfg = Release|Any CPU
		{7167C70B-4806-496B-9A44-496711E39A14}.Release|Any CPU.Build.0 = Release|Any CPU
		{7167C70B-4806-496B-9A44-496711E39A14}.Release|Any CPU.Deploy.0 = Release|Any CPU
		{7167C70B-4806-496B-9A44-496711E39A14}.Release|iPhone.ActiveCfg = Release|Any CPU
		{7167C70B-4806-496B-9A44-496711E39A14}.Release|iPhone.Build.0 = Release|Any CPU
		{7167C70B-4806-496B-9A44-496711E39A14}.Release|iPhone.Deploy.0 = Release|Any CPU
		{7167C70B-4806-496B-9A44-496711E39A14}.Release|iPhoneSimulator.ActiveCfg = Release|Any CPU
		{7167C70B-4806-496B-9A44-496711E39A14}.Release|iPhoneSimulator.Build.0 = Release|Any CPU
		{7167C70B-4806-496B-9A44-496711E39A14}.Release|iPhoneSimulator.Deploy.0 = Release|Any CPU
	EndGlobalSection
	GlobalSection(SolutionProperties) = preSolution
		HideSolutionNode = FALSE
	EndGlobalSection
	GlobalSection(ExtensibilityGlobals) = postSolution
		SolutionGuid = {1843A749-D224-4DF9-82DF-A67AF1CF3B08}
	EndGlobalSection
EndGlobal
